
Microsoft Visual Studio Solution File, Format Version 12.00
# Visual Studio Version 17
VisualStudioVersion = 17.10.35013.160
MinimumVisualStudioVersion = 10.0.40219.1
Project("{FAE04EC0-301F-11D3-BF4B-00C04F79EFBC}") = "SalesWebMVC", "SalesWebMVC\SalesWebMVC.csproj", "{5BEEB064-3F2E-415F-B5A6-D44085DE82CC}"
EndProject
Global
	GlobalSection(SolutionConfigurationPlatforms) = preSolution
		Debug|Any CPU = Debug|Any CPU
		Release|Any CPU = Release|Any CPU
	EndGlobalSection
	GlobalSection(ProjectConfigurationPlatforms) = postSolution
		{5BEEB064-3F2E-415F-B5A6-D44085DE82CC}.Debug|Any CPU.ActiveCfg = Debug|Any CPU
		{5BEEB064-3F2E-415F-B5A6-D44085DE82CC}.Debug|Any CPU.Build.0 = Debug|Any CPU
		{5BEEB064-3F2E-415F-B5A6-D44085DE82CC}.Release|Any CPU.ActiveCfg = Release|Any CPU
		{5BEEB064-3F2E-415F-B5A6-D44085DE82CC}.Release|Any CPU.Build.0 = Release|Any CPU
	EndGlobalSection
	GlobalSection(SolutionProperties) = preSolution
		HideSolutionNode = FALSE
	EndGlobalSection
	GlobalSection(ExtensibilityGlobals) = postSolution
		SolutionGuid = {7B00FCF5-EDD4-4BD1-B649-0EE708332F27}
	EndGlobalSection
EndGlobal
